{
  "name": "PACTA-APAC",
  "lockfileVersion": 3,
  "requires": true,
  "packages": {
    "": {
      "dependencies": {
        "@fontsource/jetbrains-mono": "^5.2.8",
        "@fontsource/plus-jakarta-sans": "^5.2.8"
      }
    },
    "node_modules/@fontsource/jetbrains-mono": {
      "version": "5.2.8",
      "resolved": "https://registry.npmjs.org/@fontsource/jetbrains-mono/-/jetbrains-mono-5.2.8.tgz",
      "integrity": "sha512-6w8/SG4kqvIMu7xd7wt6x3idn1Qux3p9N62s6G3rfldOUYHpWcc2FKrqf+Vo44jRvqWj2oAtTHrZXEP23oSKwQ==",
      "license": "OFL-1.1",
      "funding": {
        "url": "https://github.com/sponsors/ayuhito"
      }
    },
    "node_modules/@fontsource/plus-jakarta-sans": {
      "version": "5.2.8",
      "resolved": "https://registry.npmjs.org/@fontsource/plus-jakarta-sans/-/plus-jakarta-sans-5.2.8.tgz",
      "integrity": "sha512-P5qE49fqdeD+7DXH1KBxmMPlB17LTz1zvBhFH0tFzfnYTKVJVyb0pR6plh0ZGXxcB+Oayb54FZZw3V42/DawTw==",
      "license": "OFL-1.1",
      "funding": {
        "url": "https://github.com/sponsors/ayuhito"
      }
    }
  }
}
